// !$*UTF8*$!
{
	archiveVersion = 1;
	classes = {
	};
	objectVersion = 50;
	objects = {

/* Begin PBXBuildFile section */
		0FC95414B24E754F3CF12D2C /* Pods_SurveyBeatsUITests.framework in Frameworks */ = {isa = PBXBuildFile; fileRef = 4BE0C3B76CFCB6F146E091E8 /* Pods_SurveyBeatsUITests.framework */; };
		222FC57B212C33D4650B0C5A /* Pods_SurveyBeats.framework in Frameworks */ = {isa = PBXBuildFile; fileRef = F8B74312DAA5EA405ADF0C20 /* Pods_SurveyBeats.framework */; };
		B299C098228A908000E2FB9A /* AppDelegate.swift in Sources */ = {isa = PBXBuildFile; fileRef = B299C097228A908000E2FB9A /* AppDelegate.swift */; };
		B299C09D228A908000E2FB9A /* Main.storyboard in Resources */ = {isa = PBXBuildFile; fileRef = B299C09B228A908000E2FB9A /* Main.storyboard */; };
		B299C09F228A908100E2FB9A /* Assets.xcassets in Resources */ = {isa = PBXBuildFile; fileRef = B299C09E228A908100E2FB9A /* Assets.xcassets */; };
		B299C0A2228A908100E2FB9A /* LaunchScreen.storyboard in Resources */ = {isa = PBXBuildFile; fileRef = B299C0A0228A908100E2FB9A /* LaunchScreen.storyboard */; };
		B299C0AD228A908100E2FB9A /* SurveyBeatsTests.swift in Sources */ = {isa = PBXBuildFile; fileRef = B299C0AC228A908100E2FB9A /* SurveyBeatsTests.swift */; };
		B299C0B8228A908100E2FB9A /* SurveyBeatsUITests.swift in Sources */ = {isa = PBXBuildFile; fileRef = B299C0B7228A908100E2FB9A /* SurveyBeatsUITests.swift */; };
		B299C0CE228AA24A00E2FB9A /* NetworkEngine.swift in Sources */ = {isa = PBXBuildFile; fileRef = B299C0CD228AA24A00E2FB9A /* NetworkEngine.swift */; };
		B299C0D1228AA2DD00E2FB9A /* SBURLSessionMock.swift in Sources */ = {isa = PBXBuildFile; fileRef = B299C0D0228AA2DD00E2FB9A /* SBURLSessionMock.swift */; };
		B299C0D4228AA68000E2FB9A /* SurveyType.swift in Sources */ = {isa = PBXBuildFile; fileRef = B299C0D3228AA68000E2FB9A /* SurveyType.swift */; };
		B299C0D7228AA88A00E2FB9A /* SurveyListService.swift in Sources */ = {isa = PBXBuildFile; fileRef = B299C0D6228AA88A00E2FB9A /* SurveyListService.swift */; };
		B299C0DA228AA8BB00E2FB9A /* OAuthTokenService.swift in Sources */ = {isa = PBXBuildFile; fileRef = B299C0D9228AA8BB00E2FB9A /* OAuthTokenService.swift */; };
		B299C0DC228AA96600E2FB9A /* SBStringConstants.swift in Sources */ = {isa = PBXBuildFile; fileRef = B299C0DB228AA96600E2FB9A /* SBStringConstants.swift */; };
		B299C0DF228AB11F00E2FB9A /* SBUtil.swift in Sources */ = {isa = PBXBuildFile; fileRef = B299C0DE228AB11F00E2FB9A /* SBUtil.swift */; };
		B299C0E2228BD77D00E2FB9A /* SurveyListPresenter.swift in Sources */ = {isa = PBXBuildFile; fileRef = B299C0E1228BD77D00E2FB9A /* SurveyListPresenter.swift */; };
		B299C0E5228BDB0100E2FB9A /* SurveyListPresenterProtocol.swift in Sources */ = {isa = PBXBuildFile; fileRef = B299C0E4228BDB0100E2FB9A /* SurveyListPresenterProtocol.swift */; };
		B299C0E8228BDD8900E2FB9A /* SBSurveyListViewController.swift in Sources */ = {isa = PBXBuildFile; fileRef = B299C0E7228BDD8900E2FB9A /* SBSurveyListViewController.swift */; };
		B299C0EA228BDF0500E2FB9A /* SurveyListController+SurveyListPresenterProtocol.swift in Sources */ = {isa = PBXBuildFile; fileRef = B299C0E9228BDF0500E2FB9A /* SurveyListController+SurveyListPresenterProtocol.swift */; };
		B299C0EF228BF2A800E2FB9A /* SurveyListCollectionViewCell.swift in Sources */ = {isa = PBXBuildFile; fileRef = B299C0ED228BF2A800E2FB9A /* SurveyListCollectionViewCell.swift */; };
		B299C0F0228BF2A800E2FB9A /* SurveyListCollectionViewCell.xib in Resources */ = {isa = PBXBuildFile; fileRef = B299C0EE228BF2A800E2FB9A /* SurveyListCollectionViewCell.xib */; };
		B299C0F3228BF66500E2FB9A /* SurveyListController+CollectionViewDatasourceDelegate.swift in Sources */ = {isa = PBXBuildFile; fileRef = B299C0F2228BF66500E2FB9A /* SurveyListController+CollectionViewDatasourceDelegate.swift */; };
		B299C101228BFCE800E2FB9A /* SurveyListCollectionViewCellProtocol.swift in Sources */ = {isa = PBXBuildFile; fileRef = B299C100228BFCE800E2FB9A /* SurveyListCollectionViewCellProtocol.swift */; };
		B299C103228BFD3900E2FB9A /* SurveyListController+SurveyListCollectionViewCellProtocol.swift in Sources */ = {isa = PBXBuildFile; fileRef = B299C102228BFD3900E2FB9A /* SurveyListController+SurveyListCollectionViewCellProtocol.swift */; };
		B299C105228BFE6300E2FB9A /* SBTakeSurveyViewController.swift in Sources */ = {isa = PBXBuildFile; fileRef = B299C104228BFE6300E2FB9A /* SBTakeSurveyViewController.swift */; };
		C4F60262B31B12825DADAD8C /* Pods_SurveyBeatsTests.framework in Frameworks */ = {isa = PBXBuildFile; fileRef = 218E3FE6405A5E3C8C33F358 /* Pods_SurveyBeatsTests.framework */; };
/* End PBXBuildFile section */

/* Begin PBXContainerItemProxy section */
		B299C0A9228A908100E2FB9A /* PBXContainerItemProxy */ = {
			isa = PBXContainerItemProxy;
			containerPortal = B299C08C228A907F00E2FB9A /* Project object */;
			proxyType = 1;
			remoteGlobalIDString = B299C093228A908000E2FB9A;
			remoteInfo = SurveyBeats;
		};
		B299C0B4228A908100E2FB9A /* PBXContainerItemProxy */ = {
			isa = PBXContainerItemProxy;
			containerPortal = B299C08C228A907F00E2FB9A /* Project object */;
			proxyType = 1;
			remoteGlobalIDString = B299C093228A908000E2FB9A;
			remoteInfo = SurveyBeats;
		};
/* End PBXContainerItemProxy section */

/* Begin PBXFileReference section */
		020A94ACC4F31F958CB6A5B3 /* Pods-SurveyBeats.debug.xcconfig */ = {isa = PBXFileReference; includeInIndex = 1; lastKnownFileType = text.xcconfig; name = "Pods-SurveyBeats.debug.xcconfig"; path = "Target Support Files/Pods-SurveyBeats/Pods-SurveyBeats.debug.xcconfig"; sourceTree = "<group>"; };
		1B21DA3B1D0B9AEA64901D9F /* Pods-SurveyBeatsUITests.release.xcconfig */ = {isa = PBXFileReference; includeInIndex = 1; lastKnownFileType = text.xcconfig; name = "Pods-SurveyBeatsUITests.release.xcconfig"; path = "Target Support Files/Pods-SurveyBeatsUITests/Pods-SurveyBeatsUITests.release.xcconfig"; sourceTree = "<group>"; };
		218E3FE6405A5E3C8C33F358 /* Pods_SurveyBeatsTests.framework */ = {isa = PBXFileReference; explicitFileType = wrapper.framework; includeInIndex = 0; path = Pods_SurveyBeatsTests.framework; sourceTree = BUILT_PRODUCTS_DIR; };
		4BE0C3B76CFCB6F146E091E8 /* Pods_SurveyBeatsUITests.framework */ = {isa = PBXFileReference; explicitFileType = wrapper.framework; includeInIndex = 0; path = Pods_SurveyBeatsUITests.framework; sourceTree = BUILT_PRODUCTS_DIR; };
		6880832116C55D07B59BA5F1 /* Pods-SurveyBeats.release.xcconfig */ = {isa = PBXFileReference; includeInIndex = 1; lastKnownFileType = text.xcconfig; name = "Pods-SurveyBeats.release.xcconfig"; path = "Target Support Files/Pods-SurveyBeats/Pods-SurveyBeats.release.xcconfig"; sourceTree = "<group>"; };
		99F7C367615FBEC24FD377FC /* Pods-SurveyBeatsTests.release.xcconfig */ = {isa = PBXFileReference; includeInIndex = 1; lastKnownFileType = text.xcconfig; name = "Pods-SurveyBeatsTests.release.xcconfig"; path = "Target Support Files/Pods-SurveyBeatsTests/Pods-SurveyBeatsTests.release.xcconfig"; sourceTree = "<group>"; };
		B299C094228A908000E2FB9A /* SurveyBeats.app */ = {isa = PBXFileReference; explicitFileType = wrapper.application; includeInIndex = 0; path = SurveyBeats.app; sourceTree = BUILT_PRODUCTS_DIR; };
		B299C097228A908000E2FB9A /* AppDelegate.swift */ = {isa = PBXFileReference; lastKnownFileType = sourcecode.swift; path = AppDelegate.swift; sourceTree = "<group>"; };
		B299C09C228A908000E2FB9A /* Base */ = {isa = PBXFileReference; lastKnownFileType = file.storyboard; name = Base; path = Base.lproj/Main.storyboard; sourceTree = "<group>"; };
		B299C09E228A908100E2FB9A /* Assets.xcassets */ = {isa = PBXFileReference; lastKnownFileType = folder.assetcatalog; path = Assets.xcassets; sourceTree = "<group>"; };
		B299C0A1228A908100E2FB9A /* Base */ = {isa = PBXFileReference; lastKnownFileType = file.storyboard; name = Base; path = Base.lproj/LaunchScreen.storyboard; sourceTree = "<group>"; };
		B299C0A3228A908100E2FB9A /* Info.plist */ = {isa = PBXFileReference; lastKnownFileType = text.plist.xml; path = Info.plist; sourceTree = "<group>"; };
		B299C0A8228A908100E2FB9A /* SurveyBeatsTests.xctest */ = {isa = PBXFileReference; explicitFileType = wrapper.cfbundle; includeInIndex = 0; path = SurveyBeatsTests.xctest; sourceTree = BUILT_PRODUCTS_DIR; };
		B299C0AC228A908100E2FB9A /* SurveyBeatsTests.swift */ = {isa = PBXFileReference; lastKnownFileType = sourcecode.swift; path = SurveyBeatsTests.swift; sourceTree = "<group>"; };
		B299C0AE228A908100E2FB9A /* Info.plist */ = {isa = PBXFileReference; lastKnownFileType = text.plist.xml; path = Info.plist; sourceTree = "<group>"; };
		B299C0B3228A908100E2FB9A /* SurveyBeatsUITests.xctest */ = {isa = PBXFileReference; explicitFileType = wrapper.cfbundle; includeInIndex = 0; path = SurveyBeatsUITests.xctest; sourceTree = BUILT_PRODUCTS_DIR; };
		B299C0B7228A908100E2FB9A /* SurveyBeatsUITests.swift */ = {isa = PBXFileReference; lastKnownFileType = sourcecode.swift; path = SurveyBeatsUITests.swift; sourceTree = "<group>"; };
		B299C0B9228A908100E2FB9A /* Info.plist */ = {isa = PBXFileReference; lastKnownFileType = text.plist.xml; path = Info.plist; sourceTree = "<group>"; };
		B299C0CD228AA24A00E2FB9A /* NetworkEngine.swift */ = {isa = PBXFileReference; lastKnownFileType = sourcecode.swift; path = NetworkEngine.swift; sourceTree = "<group>"; };
		B299C0D0228AA2DD00E2FB9A /* SBURLSessionMock.swift */ = {isa = PBXFileReference; lastKnownFileType = sourcecode.swift; path = SBURLSessionMock.swift; sourceTree = "<group>"; };
		B299C0D3228AA68000E2FB9A /* SurveyType.swift */ = {isa = PBXFileReference; lastKnownFileType = sourcecode.swift; path = SurveyType.swift; sourceTree = "<group>"; };
		B299C0D6228AA88A00E2FB9A /* SurveyListService.swift */ = {isa = PBXFileReference; lastKnownFileType = sourcecode.swift; path = SurveyListService.swift; sourceTree = "<group>"; };
		B299C0D9228AA8BB00E2FB9A /* OAuthTokenService.swift */ = {isa = PBXFileReference; lastKnownFileType = sourcecode.swift; path = OAuthTokenService.swift; sourceTree = "<group>"; };
		B299C0DB228AA96600E2FB9A /* SBStringConstants.swift */ = {isa = PBXFileReference; lastKnownFileType = sourcecode.swift; path = SBStringConstants.swift; sourceTree = "<group>"; };
		B299C0DE228AB11F00E2FB9A /* SBUtil.swift */ = {isa = PBXFileReference; lastKnownFileType = sourcecode.swift; path = SBUtil.swift; sourceTree = "<group>"; };
		B299C0E1228BD77D00E2FB9A /* SurveyListPresenter.swift */ = {isa = PBXFileReference; lastKnownFileType = sourcecode.swift; path = SurveyListPresenter.swift; sourceTree = "<group>"; };
		B299C0E4228BDB0100E2FB9A /* SurveyListPresenterProtocol.swift */ = {isa = PBXFileReference; lastKnownFileType = sourcecode.swift; path = SurveyListPresenterProtocol.swift; sourceTree = "<group>"; };
		B299C0E7228BDD8900E2FB9A /* SBSurveyListViewController.swift */ = {isa = PBXFileReference; lastKnownFileType = sourcecode.swift; path = SBSurveyListViewController.swift; sourceTree = "<group>"; };
		B299C0E9228BDF0500E2FB9A /* SurveyListController+SurveyListPresenterProtocol.swift */ = {isa = PBXFileReference; lastKnownFileType = sourcecode.swift; path = "SurveyListController+SurveyListPresenterProtocol.swift"; sourceTree = "<group>"; };
		B299C0EC228BF0AA00E2FB9A /* SurveyBeats.entitlements */ = {isa = PBXFileReference; lastKnownFileType = text.plist.entitlements; path = SurveyBeats.entitlements; sourceTree = "<group>"; };
		B299C0ED228BF2A800E2FB9A /* SurveyListCollectionViewCell.swift */ = {isa = PBXFileReference; lastKnownFileType = sourcecode.swift; path = SurveyListCollectionViewCell.swift; sourceTree = "<group>"; };
		B299C0EE228BF2A800E2FB9A /* SurveyListCollectionViewCell.xib */ = {isa = PBXFileReference; lastKnownFileType = file.xib; path = SurveyListCollectionViewCell.xib; sourceTree = "<group>"; };
		B299C0F2228BF66500E2FB9A /* SurveyListController+CollectionViewDatasourceDelegate.swift */ = {isa = PBXFileReference; lastKnownFileType = sourcecode.swift; path = "SurveyListController+CollectionViewDatasourceDelegate.swift"; sourceTree = "<group>"; };
		B299C100228BFCE800E2FB9A /* SurveyListCollectionViewCellProtocol.swift */ = {isa = PBXFileReference; lastKnownFileType = sourcecode.swift; path = SurveyListCollectionViewCellProtocol.swift; sourceTree = "<group>"; };
		B299C102228BFD3900E2FB9A /* SurveyListController+SurveyListCollectionViewCellProtocol.swift */ = {isa = PBXFileReference; lastKnownFileType = sourcecode.swift; path = "SurveyListController+SurveyListCollectionViewCellProtocol.swift"; sourceTree = "<group>"; };
		B299C104228BFE6300E2FB9A /* SBTakeSurveyViewController.swift */ = {isa = PBXFileReference; lastKnownFileType = sourcecode.swift; path = SBTakeSurveyViewController.swift; sourceTree = "<group>"; };
		C14A7C302E18AA329A6F8CBE /* Pods-SurveyBeatsUITests.debug.xcconfig */ = {isa = PBXFileReference; includeInIndex = 1; lastKnownFileType = text.xcconfig; name = "Pods-SurveyBeatsUITests.debug.xcconfig"; path = "Target Support Files/Pods-SurveyBeatsUITests/Pods-SurveyBeatsUITests.debug.xcconfig"; sourceTree = "<group>"; };
		CE93F6E91D4C5B4771AB79E1 /* Pods-SurveyBeatsTests.debug.xcconfig */ = {isa = PBXFileReference; includeInIndex = 1; lastKnownFileType = text.xcconfig; name = "Pods-SurveyBeatsTests.debug.xcconfig"; path = "Target Support Files/Pods-SurveyBeatsTests/Pods-SurveyBeatsTests.debug.xcconfig"; sourceTree = "<group>"; };
		F8B74312DAA5EA405ADF0C20 /* Pods_SurveyBeats.framework */ = {isa = PBXFileReference; explicitFileType = wrapper.framework; includeInIndex = 0; path = Pods_SurveyBeats.framework; sourceTree = BUILT_PRODUCTS_DIR; };
/* End PBXFileReference section */

/* Begin PBXFrameworksBuildPhase section */
		B299C091228A908000E2FB9A /* Frameworks */ = {
			isa = PBXFrameworksBuildPhase;
			buildActionMask = 2147483647;
			files = (
				222FC57B212C33D4650B0C5A /* Pods_SurveyBeats.framework in Frameworks */,
			);
			runOnlyForDeploymentPostprocessing = 0;
		};
		B299C0A5228A908100E2FB9A /* Frameworks */ = {
			isa = PBXFrameworksBuildPhase;
			buildActionMask = 2147483647;
			files = (
				C4F60262B31B12825DADAD8C /* Pods_SurveyBeatsTests.framework in Frameworks */,
			);
			runOnlyForDeploymentPostprocessing = 0;
		};
		B299C0B0228A908100E2FB9A /* Frameworks */ = {
			isa = PBXFrameworksBuildPhase;
			buildActionMask = 2147483647;
			files = (
				0FC95414B24E754F3CF12D2C /* Pods_SurveyBeatsUITests.framework in Frameworks */,
			);
			runOnlyForDeploymentPostprocessing = 0;
		};
/* End PBXFrameworksBuildPhase section */

/* Begin PBXGroup section */
		41B17C81AF4679220B2CC6B1 /* Pods */ = {
			isa = PBXGroup;
			children = (
				020A94ACC4F31F958CB6A5B3 /* Pods-SurveyBeats.debug.xcconfig */,
				6880832116C55D07B59BA5F1 /* Pods-SurveyBeats.release.xcconfig */,
				CE93F6E91D4C5B4771AB79E1 /* Pods-SurveyBeatsTests.debug.xcconfig */,
				99F7C367615FBEC24FD377FC /* Pods-SurveyBeatsTests.release.xcconfig */,
				C14A7C302E18AA329A6F8CBE /* Pods-SurveyBeatsUITests.debug.xcconfig */,
				1B21DA3B1D0B9AEA64901D9F /* Pods-SurveyBeatsUITests.release.xcconfig */,
			);
			path = Pods;
			sourceTree = "<group>";
		};
		B299C08B228A907F00E2FB9A = {
			isa = PBXGroup;
			children = (
				B299C096228A908000E2FB9A /* SurveyBeats */,
				B299C0AB228A908100E2FB9A /* SurveyBeatsTests */,
				B299C0B6228A908100E2FB9A /* SurveyBeatsUITests */,
				B299C095228A908000E2FB9A /* Products */,
				41B17C81AF4679220B2CC6B1 /* Pods */,
				DC0D3E49710166153D9991CC /* Frameworks */,
			);
			sourceTree = "<group>";
		};
		B299C095228A908000E2FB9A /* Products */ = {
			isa = PBXGroup;
			children = (
				B299C094228A908000E2FB9A /* SurveyBeats.app */,
				B299C0A8228A908100E2FB9A /* SurveyBeatsTests.xctest */,
				B299C0B3228A908100E2FB9A /* SurveyBeatsUITests.xctest */,
			);
			name = Products;
			sourceTree = "<group>";
		};
		B299C096228A908000E2FB9A /* SurveyBeats */ = {
			isa = PBXGroup;
			children = (
				B299C0EC228BF0AA00E2FB9A /* SurveyBeats.entitlements */,
				B299C0C9228A919100E2FB9A /* Application */,
				B299C0C5228A910600E2FB9A /* Controllers */,
				B299C0EB228BDF0B00E2FB9A /* Extensions */,
				B299C0D5228AA68400E2FB9A /* Model */,
				B299C0CF228AA24F00E2FB9A /* Network */,
				B299C0E3228BD78200E2FB9A /* Presenter */,
				B299C0E6228BDB0700E2FB9A /* Protocol */,
				B299C0D8228AA89300E2FB9A /* Services */,
				B299C0CA228A91D600E2FB9A /* Storyboards */,
				B299C0E0228AB12400E2FB9A /* Utility */,
				B299C0F1228BF2AD00E2FB9A /* Views */,
			);
			path = SurveyBeats;
			sourceTree = "<group>";
		};
		B299C0AB228A908100E2FB9A /* SurveyBeatsTests */ = {
			isa = PBXGroup;
			children = (
				B299C0AC228A908100E2FB9A /* SurveyBeatsTests.swift */,
				B299C0AE228A908100E2FB9A /* Info.plist */,
			);
			path = SurveyBeatsTests;
			sourceTree = "<group>";
		};
		B299C0B6228A908100E2FB9A /* SurveyBeatsUITests */ = {
			isa = PBXGroup;
			children = (
				B299C0B7228A908100E2FB9A /* SurveyBeatsUITests.swift */,
				B299C0B9228A908100E2FB9A /* Info.plist */,
			);
			path = SurveyBeatsUITests;
			sourceTree = "<group>";
		};
		B299C0C5228A910600E2FB9A /* Controllers */ = {
			isa = PBXGroup;
			children = (
				B299C0E7228BDD8900E2FB9A /* SBSurveyListViewController.swift */,
				B299C104228BFE6300E2FB9A /* SBTakeSurveyViewController.swift */,
			);
			path = Controllers;
			sourceTree = "<group>";
		};
		B299C0C6228A914800E2FB9A /* Base.Iproj */ = {
			isa = PBXGroup;
			children = (
				B299C0A0228A908100E2FB9A /* LaunchScreen.storyboard */,
			);
			path = Base.Iproj;
			sourceTree = "<group>";
		};
		B299C0C7228A916300E2FB9A /* Infos */ = {
			isa = PBXGroup;
			children = (
				B299C0A3228A908100E2FB9A /* Info.plist */,
			);
			path = Infos;
			sourceTree = "<group>";
		};
		B299C0C8228A917500E2FB9A /* Resources */ = {
			isa = PBXGroup;
			children = (
				B299C09E228A908100E2FB9A /* Assets.xcassets */,
			);
			path = Resources;
			sourceTree = "<group>";
		};
		B299C0C9228A919100E2FB9A /* Application */ = {
			isa = PBXGroup;
			children = (
				B299C097228A908000E2FB9A /* AppDelegate.swift */,
				B299C0C8228A917500E2FB9A /* Resources */,
				B299C0C6228A914800E2FB9A /* Base.Iproj */,
				B299C0C7228A916300E2FB9A /* Infos */,
				B299C0DD228AA96B00E2FB9A /* Constants */,
			);
			path = Application;
			sourceTree = "<group>";
		};
		B299C0CA228A91D600E2FB9A /* Storyboards */ = {
			isa = PBXGroup;
			children = (
				B299C09B228A908000E2FB9A /* Main.storyboard */,
			);
			path = Storyboards;
			sourceTree = "<group>";
		};
		B299C0CF228AA24F00E2FB9A /* Network */ = {
			isa = PBXGroup;
			children = (
				B299C0CD228AA24A00E2FB9A /* NetworkEngine.swift */,
				B299C0D2228AA2E100E2FB9A /* Mock */,
			);
			path = Network;
			sourceTree = "<group>";
		};
		B299C0D2228AA2E100E2FB9A /* Mock */ = {
			isa = PBXGroup;
			children = (
				B299C0D0228AA2DD00E2FB9A /* SBURLSessionMock.swift */,
			);
			path = Mock;
			sourceTree = "<group>";
		};
		B299C0D5228AA68400E2FB9A /* Model */ = {
			isa = PBXGroup;
			children = (
				B299C0D3228AA68000E2FB9A /* SurveyType.swift */,
			);
			path = Model;
			sourceTree = "<group>";
		};
		B299C0D8228AA89300E2FB9A /* Services */ = {
			isa = PBXGroup;
			children = (
				B299C0D6228AA88A00E2FB9A /* SurveyListService.swift */,
				B299C0D9228AA8BB00E2FB9A /* OAuthTokenService.swift */,
			);
			path = Services;
			sourceTree = "<group>";
		};
		B299C0DD228AA96B00E2FB9A /* Constants */ = {
			isa = PBXGroup;
			children = (
				B299C0DB228AA96600E2FB9A /* SBStringConstants.swift */,
			);
			path = Constants;
			sourceTree = "<group>";
		};
		B299C0E0228AB12400E2FB9A /* Utility */ = {
			isa = PBXGroup;
			children = (
				B299C0DE228AB11F00E2FB9A /* SBUtil.swift */,
			);
			path = Utility;
			sourceTree = "<group>";
		};
		B299C0E3228BD78200E2FB9A /* Presenter */ = {
			isa = PBXGroup;
			children = (
				B299C0E1228BD77D00E2FB9A /* SurveyListPresenter.swift */,
			);
			path = Presenter;
			sourceTree = "<group>";
		};
		B299C0E6228BDB0700E2FB9A /* Protocol */ = {
			isa = PBXGroup;
			children = (
				B299C0E4228BDB0100E2FB9A /* SurveyListPresenterProtocol.swift */,
				B299C100228BFCE800E2FB9A /* SurveyListCollectionViewCellProtocol.swift */,
			);
			path = Protocol;
			sourceTree = "<group>";
		};
		B299C0EB228BDF0B00E2FB9A /* Extensions */ = {
			isa = PBXGroup;
			children = (
				B299C0E9228BDF0500E2FB9A /* SurveyListController+SurveyListPresenterProtocol.swift */,
				B299C0F2228BF66500E2FB9A /* SurveyListController+CollectionViewDatasourceDelegate.swift */,
				B299C102228BFD3900E2FB9A /* SurveyListController+SurveyListCollectionViewCellProtocol.swift */,
			);
			path = Extensions;
			sourceTree = "<group>";
		};
		B299C0F1228BF2AD00E2FB9A /* Views */ = {
			isa = PBXGroup;
			children = (
				B299C0ED228BF2A800E2FB9A /* SurveyListCollectionViewCell.swift */,
				B299C0EE228BF2A800E2FB9A /* SurveyListCollectionViewCell.xib */,
			);
			path = Views;
			sourceTree = "<group>";
		};
		DC0D3E49710166153D9991CC /* Frameworks */ = {
			isa = PBXGroup;
			children = (
				F8B74312DAA5EA405ADF0C20 /* Pods_SurveyBeats.framework */,
				218E3FE6405A5E3C8C33F358 /* Pods_SurveyBeatsTests.framework */,
				4BE0C3B76CFCB6F146E091E8 /* Pods_SurveyBeatsUITests.framework */,
			);
			name = Frameworks;
			sourceTree = "<group>";
		};
/* End PBXGroup section */

/* Begin PBXNativeTarget section */
		B299C093228A908000E2FB9A /* SurveyBeats */ = {
			isa = PBXNativeTarget;
			buildConfigurationList = B299C0BC228A908100E2FB9A /* Build configuration list for PBXNativeTarget "SurveyBeats" */;
			buildPhases = (
				2ADE47418CFBB39402562A72 /* [CP] Check Pods Manifest.lock */,
				B299C090228A908000E2FB9A /* Sources */,
				B299C091228A908000E2FB9A /* Frameworks */,
				B299C092228A908000E2FB9A /* Resources */,
				D1DCA9ED58BD5A6C6B792414 /* [CP] Embed Pods Frameworks */,
			);
			buildRules = (
			);
			dependencies = (
			);
			name = SurveyBeats;
			productName = SurveyBeats;
			productReference = B299C094228A908000E2FB9A /* SurveyBeats.app */;
			productType = "com.apple.product-type.application";
		};
		B299C0A7228A908100E2FB9A /* SurveyBeatsTests */ = {
			isa = PBXNativeTarget;
			buildConfigurationList = B299C0BF228A908100E2FB9A /* Build configuration list for PBXNativeTarget "SurveyBeatsTests" */;
			buildPhases = (
				F7F4BC8135C21AECB91505A9 /* [CP] Check Pods Manifest.lock */,
				B299C0A4228A908100E2FB9A /* Sources */,
				B299C0A5228A908100E2FB9A /* Frameworks */,
				B299C0A6228A908100E2FB9A /* Resources */,
			);
			buildRules = (
			);
			dependencies = (
				B299C0AA228A908100E2FB9A /* PBXTargetDependency */,
			);
			name = SurveyBeatsTests;
			productName = SurveyBeatsTests;
			productReference = B299C0A8228A908100E2FB9A /* SurveyBeatsTests.xctest */;
			productType = "com.apple.product-type.bundle.unit-test";
		};
		B299C0B2228A908100E2FB9A /* SurveyBeatsUITests */ = {
			isa = PBXNativeTarget;
			buildConfigurationList = B299C0C2228A908100E2FB9A /* Build configuration list for PBXNativeTarget "SurveyBeatsUITests" */;
			buildPhases = (
				BA9ABE9E9FC4B7AC7063C035 /* [CP] Check Pods Manifest.lock */,
				B299C0AF228A908100E2FB9A /* Sources */,
				B299C0B0228A908100E2FB9A /* Frameworks */,
				B299C0B1228A908100E2FB9A /* Resources */,
			);
			buildRules = (
			);
			dependencies = (
				B299C0B5228A908100E2FB9A /* PBXTargetDependency */,
			);
			name = SurveyBeatsUITests;
			productName = SurveyBeatsUITests;
			productReference = B299C0B3228A908100E2FB9A /* SurveyBeatsUITests.xctest */;
			productType = "com.apple.product-type.bundle.ui-testing";
		};
/* End PBXNativeTarget section */

/* Begin PBXProject section */
		B299C08C228A907F00E2FB9A /* Project object */ = {
			isa = PBXProject;
			attributes = {
				LastSwiftUpdateCheck = 1010;
				LastUpgradeCheck = 1010;
				ORGANIZATIONNAME = Exercise;
				TargetAttributes = {
					B299C093228A908000E2FB9A = {
						CreatedOnToolsVersion = 10.1;
						SystemCapabilities = {
							com.apple.Keychain = {
								enabled = 0;
							};
						};
					};
					B299C0A7228A908100E2FB9A = {
						CreatedOnToolsVersion = 10.1;
						TestTargetID = B299C093228A908000E2FB9A;
					};
					B299C0B2228A908100E2FB9A = {
						CreatedOnToolsVersion = 10.1;
						TestTargetID = B299C093228A908000E2FB9A;
					};
				};
			};
			buildConfigurationList = B299C08F228A907F00E2FB9A /* Build configuration list for PBXProject "SurveyBeats" */;
			compatibilityVersion = "Xcode 9.3";
			developmentRegion = en;
			hasScannedForEncodings = 0;
			knownRegions = (
				en,
				Base,
			);
			mainGroup = B299C08B228A907F00E2FB9A;
			productRefGroup = B299C095228A908000E2FB9A /* Products */;
			projectDirPath = "";
			projectRoot = "";
			targets = (
				B299C093228A908000E2FB9A /* SurveyBeats */,
				B299C0A7228A908100E2FB9A /* SurveyBeatsTests */,
				B299C0B2228A908100E2FB9A /* SurveyBeatsUITests */,
			);
		};
/* End PBXProject section */

/* Begin PBXResourcesBuildPhase section */
		B299C092228A908000E2FB9A /* Resources */ = {
			isa = PBXResourcesBuildPhase;
			buildActionMask = 2147483647;
			files = (
				B299C0F0228BF2A800E2FB9A /* SurveyListCollectionViewCell.xib in Resources */,
				B299C0A2228A908100E2FB9A /* LaunchScreen.storyboard in Resources */,
				B299C09F228A908100E2FB9A /* Assets.xcassets in Resources */,
				B299C09D228A908000E2FB9A /* Main.storyboard in Resources */,
			);
			runOnlyForDeploymentPostprocessing = 0;
		};
		B299C0A6228A908100E2FB9A /* Resources */ = {
			isa = PBXResourcesBuildPhase;
			buildActionMask = 2147483647;
			files = (
			);
			runOnlyForDeploymentPostprocessing = 0;
		};
		B299C0B1228A908100E2FB9A /* Resources */ = {
			isa = PBXResourcesBuildPhase;
			buildActionMask = 2147483647;
			files = (
			);
			runOnlyForDeploymentPostprocessing = 0;
		};
/* End PBXResourcesBuildPhase section */

/* Begin PBXShellScriptBuildPhase section */
		2ADE47418CFBB39402562A72 /* [CP] Check Pods Manifest.lock */ = {
			isa = PBXShellScriptBuildPhase;
			buildActionMask = 2147483647;
			files = (
			);
			inputFileListPaths = (
			);
			inputPaths = (
				"${PODS_PODFILE_DIR_PATH}/Podfile.lock",
				"${PODS_ROOT}/Manifest.lock",
			);
			name = "[CP] Check Pods Manifest.lock";
			outputFileListPaths = (
			);
			outputPaths = (
				"$(DERIVED_FILE_DIR)/Pods-SurveyBeats-checkManifestLockResult.txt",
			);
			runOnlyForDeploymentPostprocessing = 0;
			shellPath = /bin/sh;
			shellScript = "diff \"${PODS_PODFILE_DIR_PATH}/Podfile.lock\" \"${PODS_ROOT}/Manifest.lock\" > /dev/null\nif [ $? != 0 ] ; then\n    # print error to STDERR\n    echo \"error: The sandbox is not in sync with the Podfile.lock. Run 'pod install' or update your CocoaPods installation.\" >&2\n    exit 1\nfi\n# This output is used by Xcode 'outputs' to avoid re-running this script phase.\necho \"SUCCESS\" > \"${SCRIPT_OUTPUT_FILE_0}\"\n";
			showEnvVarsInLog = 0;
		};
		BA9ABE9E9FC4B7AC7063C035 /* [CP] Check Pods Manifest.lock */ = {
			isa = PBXShellScriptBuildPhase;
			buildActionMask = 2147483647;
			files = (
			);
			inputFileListPaths = (
			);
			inputPaths = (
				"${PODS_PODFILE_DIR_PATH}/Podfile.lock",
				"${PODS_ROOT}/Manifest.lock",
			);
			name = "[CP] Check Pods Manifest.lock";
			outputFileListPaths = (
			);
			outputPaths = (
				"$(DERIVED_FILE_DIR)/Pods-SurveyBeatsUITests-checkManifestLockResult.txt",
			);
			runOnlyForDeploymentPostprocessing = 0;
			shellPath = /bin/sh;
			shellScript = "diff \"${PODS_PODFILE_DIR_PATH}/Podfile.lock\" \"${PODS_ROOT}/Manifest.lock\" > /dev/null\nif [ $? != 0 ] ; then\n    # print error to STDERR\n    echo \"error: The sandbox is not in sync with the Podfile.lock. Run 'pod install' or update your CocoaPods installation.\" >&2\n    exit 1\nfi\n# This output is used by Xcode 'outputs' to avoid re-running this script phase.\necho \"SUCCESS\" > \"${SCRIPT_OUTPUT_FILE_0}\"\n";
			showEnvVarsInLog = 0;
		};
		D1DCA9ED58BD5A6C6B792414 /* [CP] Embed Pods Frameworks */ = {
			isa = PBXShellScriptBuildPhase;
			buildActionMask = 2147483647;
			files = (
			);
			inputFileListPaths = (
			);
			inputPaths = (
				"${PODS_ROOT}/Target Support Files/Pods-SurveyBeats/Pods-SurveyBeats-frameworks.sh",
				"${BUILT_PRODUCTS_DIR}/CMPageControl/CMPageControl.framework",
				"${BUILT_PRODUCTS_DIR}/MBProgressHUD/MBProgressHUD.framework",
				"${BUILT_PRODUCTS_DIR}/SDWebImage/SDWebImage.framework",
				"${BUILT_PRODUCTS_DIR}/SwiftKeychainWrapper/SwiftKeychainWrapper.framework",
			);
			name = "[CP] Embed Pods Frameworks";
			outputFileListPaths = (
			);
			outputPaths = (
				"${TARGET_BUILD_DIR}/${FRAMEWORKS_FOLDER_PATH}/CMPageControl.framework",
				"${TARGET_BUILD_DIR}/${FRAMEWORKS_FOLDER_PATH}/MBProgressHUD.framework",
				"${TARGET_BUILD_DIR}/${FRAMEWORKS_FOLDER_PATH}/SDWebImage.framework",
				"${TARGET_BUILD_DIR}/${FRAMEWORKS_FOLDER_PATH}/SwiftKeychainWrapper.framework",
			);
			runOnlyForDeploymentPostprocessing = 0;
			shellPath = /bin/sh;
			shellScript = "\"${PODS_ROOT}/Target Support Files/Pods-SurveyBeats/Pods-SurveyBeats-frameworks.sh\"\n";
			showEnvVarsInLog = 0;
		};
		F7F4BC8135C21AECB91505A9 /* [CP] Check Pods Manifest.lock */ = {
			isa = PBXShellScriptBuildPhase;
			buildActionMask = 2147483647;
			files = (
			);
			inputFileListPaths = (
			);
			inputPaths = (
				"${PODS_PODFILE_DIR_PATH}/Podfile.lock",
				"${PODS_ROOT}/Manifest.lock",
			);
			name = "[CP] Check Pods Manifest.lock";
			outputFileListPaths = (
			);
			outputPaths = (
				"$(DERIVED_FILE_DIR)/Pods-SurveyBeatsTests-checkManifestLockResult.txt",
			);
			runOnlyForDeploymentPostprocessing = 0;
			shellPath = /bin/sh;
			shellScript = "diff \"${PODS_PODFILE_DIR_PATH}/Podfile.lock\" \"${PODS_ROOT}/Manifest.lock\" > /dev/null\nif [ $? != 0 ] ; then\n    # print error to STDERR\n    echo \"error: The sandbox is not in sync with the Podfile.lock. Run 'pod install' or update your CocoaPods installation.\" >&2\n    exit 1\nfi\n# This output is used by Xcode 'outputs' to avoid re-running this script phase.\necho \"SUCCESS\" > \"${SCRIPT_OUTPUT_FILE_0}\"\n";
			showEnvVarsInLog = 0;
		};
/* End PBXShellScriptBuildPhase section */

/* Begin PBXSourcesBuildPhase section */
		B299C090228A908000E2FB9A /* Sources */ = {
			isa = PBXSourcesBuildPhase;
			buildActionMask = 2147483647;
			files = (
				B299C101228BFCE800E2FB9A /* SurveyListCollectionViewCellProtocol.swift in Sources */,
				B299C0D4228AA68000E2FB9A /* SurveyType.swift in Sources */,
				B299C0E8228BDD8900E2FB9A /* SBSurveyListViewController.swift in Sources */,
				B299C0DA228AA8BB00E2FB9A /* OAuthTokenService.swift in Sources */,
				B299C0DC228AA96600E2FB9A /* SBStringConstants.swift in Sources */,
				B299C0EA228BDF0500E2FB9A /* SurveyListController+SurveyListPresenterProtocol.swift in Sources */,
				B299C103228BFD3900E2FB9A /* SurveyListController+SurveyListCollectionViewCellProtocol.swift in Sources */,
				B299C0DF228AB11F00E2FB9A /* SBUtil.swift in Sources */,
				B299C105228BFE6300E2FB9A /* SBTakeSurveyViewController.swift in Sources */,
				B299C098228A908000E2FB9A /* AppDelegate.swift in Sources */,
				B299C0E2228BD77D00E2FB9A /* SurveyListPresenter.swift in Sources */,
				B299C0F3228BF66500E2FB9A /* SurveyListController+CollectionViewDatasourceDelegate.swift in Sources */,
				B299C0EF228BF2A800E2FB9A /* SurveyListCollectionViewCell.swift in Sources */,
				B299C0E5228BDB0100E2FB9A /* SurveyListPresenterProtocol.swift in Sources */,
				B299C0CE228AA24A00E2FB9A /* NetworkEngine.swift in Sources */,
				B299C0D1228AA2DD00E2FB9A /* SBURLSessionMock.swift in Sources */,
				B299C0D7228AA88A00E2FB9A /* SurveyListService.swift in Sources */,
			);
			runOnlyForDeploymentPostprocessing = 0;
		};
		B299C0A4228A908100E2FB9A /* Sources */ = {
			isa = PBXSourcesBuildPhase;
			buildActionMask = 2147483647;
			files = (
				B299C0AD228A908100E2FB9A /* SurveyBeatsTests.swift in Sources */,
			);
			runOnlyForDeploymentPostprocessing = 0;
		};
		B299C0AF228A908100E2FB9A /* Sources */ = {
			isa = PBXSourcesBuildPhase;
			buildActionMask = 2147483647;
			files = (
				B299C0B8228A908100E2FB9A /* SurveyBeatsUITests.swift in Sources */,
			);
			runOnlyForDeploymentPostprocessing = 0;
		};
/* End PBXSourcesBuildPhase section */

/* Begin PBXTargetDependency section */
		B299C0AA228A908100E2FB9A /* PBXTargetDependency */ = {
			isa = PBXTargetDependency;
			target = B299C093228A908000E2FB9A /* SurveyBeats */;
			targetProxy = B299C0A9228A908100E2FB9A /* PBXContainerItemProxy */;
		};
		B299C0B5228A908100E2FB9A /* PBXTargetDependency */ = {
			isa = PBXTargetDependency;
			target = B299C093228A908000E2FB9A /* SurveyBeats */;
			targetProxy = B299C0B4228A908100E2FB9A /* PBXContainerItemProxy */;
		};
/* End PBXTargetDependency section */

/* Begin PBXVariantGroup section */
		B299C09B228A908000E2FB9A /* Main.storyboard */ = {
			isa = PBXVariantGroup;
			children = (
				B299C09C228A908000E2FB9A /* Base */,
			);
			name = Main.storyboard;
			sourceTree = "<group>";
		};
		B299C0A0228A908100E2FB9A /* LaunchScreen.storyboard */ = {
			isa = PBXVariantGroup;
			children = (
				B299C0A1228A908100E2FB9A /* Base */,
			);
			name = LaunchScreen.storyboard;
			sourceTree = "<group>";
		};
/* End PBXVariantGroup section */

/* Begin XCBuildConfiguration section */
		B299C0BA228A908100E2FB9A /* Debug */ = {
			isa = XCBuildConfiguration;
			buildSettings = {
				ALWAYS_SEARCH_USER_PATHS = NO;
				CLANG_ANALYZER_NONNULL = YES;
				CLANG_ANALYZER_NUMBER_OBJECT_CONVERSION = YES_AGGRESSIVE;
				CLANG_CXX_LANGUAGE_STANDARD = "gnu++14";
				CLANG_CXX_LIBRARY = "libc++";
				CLANG_ENABLE_MODULES = YES;
				CLANG_ENABLE_OBJC_ARC = YES;
				CLANG_ENABLE_OBJC_WEAK = YES;
				CLANG_WARN_BLOCK_CAPTURE_AUTORELEASING = YES;
				CLANG_WARN_BOOL_CONVERSION = YES;
				CLANG_WARN_COMMA = YES;
				CLANG_WARN_CONSTANT_CONVERSION = YES;
				CLANG_WARN_DEPRECATED_OBJC_IMPLEMENTATIONS = YES;
				CLANG_WARN_DIRECT_OBJC_ISA_USAGE = YES_ERROR;
				CLANG_WARN_DOCUMENTATION_COMMENTS = YES;
				CLANG_WARN_EMPTY_BODY = YES;
				CLANG_WARN_ENUM_CONVERSION = YES;
				CLANG_WARN_INFINITE_RECURSION = YES;
				CLANG_WARN_INT_CONVERSION = YES;
				CLANG_WARN_NON_LITERAL_NULL_CONVERSION = YES;
				CLANG_WARN_OBJC_IMPLICIT_RETAIN_SELF = YES;
				CLANG_WARN_OBJC_LITERAL_CONVERSION = YES;
				CLANG_WARN_OBJC_ROOT_CLASS = YES_ERROR;
				CLANG_WARN_RANGE_LOOP_ANALYSIS = YES;
				CLANG_WARN_STRICT_PROTOTYPES = YES;
				CLANG_WARN_SUSPICIOUS_MOVE = YES;
				CLANG_WARN_UNGUARDED_AVAILABILITY = YES_AGGRESSIVE;
				CLANG_WARN_UNREACHABLE_CODE = YES;
				CLANG_WARN__DUPLICATE_METHOD_MATCH = YES;
				CODE_SIGN_IDENTITY = "iPhone Developer";
				COPY_PHASE_STRIP = NO;
				DEBUG_INFORMATION_FORMAT = dwarf;
				ENABLE_STRICT_OBJC_MSGSEND = YES;
				ENABLE_TESTABILITY = YES;
				GCC_C_LANGUAGE_STANDARD = gnu11;
				GCC_DYNAMIC_NO_PIC = NO;
				GCC_NO_COMMON_BLOCKS = YES;
				GCC_OPTIMIZATION_LEVEL = 0;
				GCC_PREPROCESSOR_DEFINITIONS = (
					"DEBUG=1",
					"$(inherited)",
				);
				GCC_WARN_64_TO_32_BIT_CONVERSION = YES;
				GCC_WARN_ABOUT_RETURN_TYPE = YES_ERROR;
				GCC_WARN_UNDECLARED_SELECTOR = YES;
				GCC_WARN_UNINITIALIZED_AUTOS = YES_AGGRESSIVE;
				GCC_WARN_UNUSED_FUNCTION = YES;
				GCC_WARN_UNUSED_VARIABLE = YES;
				IPHONEOS_DEPLOYMENT_TARGET = 12.1;
				MTL_ENABLE_DEBUG_INFO = INCLUDE_SOURCE;
				MTL_FAST_MATH = YES;
				ONLY_ACTIVE_ARCH = YES;
				SDKROOT = iphoneos;
				SWIFT_ACTIVE_COMPILATION_CONDITIONS = DEBUG;
				SWIFT_OPTIMIZATION_LEVEL = "-Onone";
			};
			name = Debug;
		};
		B299C0BB228A908100E2FB9A /* Release */ = {
			isa = XCBuildConfiguration;
			buildSettings = {
				ALWAYS_SEARCH_USER_PATHS = NO;
				CLANG_ANALYZER_NONNULL = YES;
				CLANG_ANALYZER_NUMBER_OBJECT_CONVERSION = YES_AGGRESSIVE;
				CLANG_CXX_LANGUAGE_STANDARD = "gnu++14";
				CLANG_CXX_LIBRARY = "libc++";
				CLANG_ENABLE_MODULES = YES;
				CLANG_ENABLE_OBJC_ARC = YES;
				CLANG_ENABLE_OBJC_WEAK = YES;
				CLANG_WARN_BLOCK_CAPTURE_AUTORELEASING = YES;
				CLANG_WARN_BOOL_CONVERSION = YES;
				CLANG_WARN_COMMA = YES;
				CLANG_WARN_CONSTANT_CONVERSION = YES;
				CLANG_WARN_DEPRECATED_OBJC_IMPLEMENTATIONS = YES;
				CLANG_WARN_DIRECT_OBJC_ISA_USAGE = YES_ERROR;
				CLANG_WARN_DOCUMENTATION_COMMENTS = YES;
				CLANG_WARN_EMPTY_BODY = YES;
				CLANG_WARN_ENUM_CONVERSION = YES;
				CLANG_WARN_INFINITE_RECURSION = YES;
				CLANG_WARN_INT_CONVERSION = YES;
				CLANG_WARN_NON_LITERAL_NULL_CONVERSION = YES;
				CLANG_WARN_OBJC_IMPLICIT_RETAIN_SELF = YES;
				CLANG_WARN_OBJC_LITERAL_CONVERSION = YES;
				CLANG_WARN_OBJC_ROOT_CLASS = YES_ERROR;
				CLANG_WARN_RANGE_LOOP_ANALYSIS = YES;
				CLANG_WARN_STRICT_PROTOTYPES = YES;
				CLANG_WARN_SUSPICIOUS_MOVE = YES;
				CLANG_WARN_UNGUARDED_AVAILABILITY = YES_AGGRESSIVE;
				CLANG_WARN_UNREACHABLE_CODE = YES;
				CLANG_WARN__DUPLICATE_METHOD_MATCH = YES;
				CODE_SIGN_IDENTITY = "iPhone Developer";
				COPY_PHASE_STRIP = NO;
				DEBUG_INFORMATION_FORMAT = "dwarf-with-dsym";
				ENABLE_NS_ASSERTIONS = NO;
				ENABLE_STRICT_OBJC_MSGSEND = YES;
				GCC_C_LANGUAGE_STANDARD = gnu11;
				GCC_NO_COMMON_BLOCKS = YES;
				GCC_WARN_64_TO_32_BIT_CONVERSION = YES;
				GCC_WARN_ABOUT_RETURN_TYPE = YES_ERROR;
				GCC_WARN_UNDECLARED_SELECTOR = YES;
				GCC_WARN_UNINITIALIZED_AUTOS = YES_AGGRESSIVE;
				GCC_WARN_UNUSED_FUNCTION = YES;
				GCC_WARN_UNUSED_VARIABLE = YES;
				IPHONEOS_DEPLOYMENT_TARGET = 12.1;
				MTL_ENABLE_DEBUG_INFO = NO;
				MTL_FAST_MATH = YES;
				SDKROOT = iphoneos;
				SWIFT_COMPILATION_MODE = wholemodule;
				SWIFT_OPTIMIZATION_LEVEL = "-O";
				VALIDATE_PRODUCT = YES;
			};
			name = Release;
		};
		B299C0BD228A908100E2FB9A /* Debug */ = {
			isa = XCBuildConfiguration;
			baseConfigurationReference = 020A94ACC4F31F958CB6A5B3 /* Pods-SurveyBeats.debug.xcconfig */;
			buildSettings = {
				ASSETCATALOG_COMPILER_APPICON_NAME = AppIcon;
				CODE_SIGN_STYLE = Automatic;
				DEVELOPMENT_TEAM = NGVV4YCSE8;
				INFOPLIST_FILE = "$(SRCROOT)/SurveyBeats/Application/Infos/Info.plist";
				IPHONEOS_DEPLOYMENT_TARGET = 10.0;
				LD_RUNPATH_SEARCH_PATHS = (
					"$(inherited)",
					"@executable_path/Frameworks",
				);
				PRODUCT_BUNDLE_IDENTIFIER = com.exercise.nimble.SurveyBeats;
				PRODUCT_NAME = "$(TARGET_NAME)";
				SWIFT_VERSION = 4.2;
				TARGETED_DEVICE_FAMILY = "1,2";
			};
			name = Debug;
		};
		B299C0BE228A908100E2FB9A /* Release */ = {
			isa = XCBuildConfiguration;
			baseConfigurationReference = 6880832116C55D07B59BA5F1 /* Pods-SurveyBeats.release.xcconfig */;
			buildSettings = {
				ASSETCATALOG_COMPILER_APPICON_NAME = AppIcon;
				CODE_SIGN_STYLE = Automatic;
				DEVELOPMENT_TEAM = NGVV4YCSE8;
				INFOPLIST_FILE = "$(SRCROOT)/SurveyBeats/Application/Infos/Info.plist";
				IPHONEOS_DEPLOYMENT_TARGET = 10.0;
				LD_RUNPATH_SEARCH_PATHS = (
					"$(inherited)",
					"@executable_path/Frameworks",
				);
				PRODUCT_BUNDLE_IDENTIFIER = com.exercise.nimble.SurveyBeats;
				PRODUCT_NAME = "$(TARGET_NAME)";
				SWIFT_VERSION = 4.2;
				TARGETED_DEVICE_FAMILY = "1,2";
			};
			name = Release;
		};
		B299C0C0228A908100E2FB9A /* Debug */ = {
			isa = XCBuildConfiguration;
			baseConfigurationReference = CE93F6E91D4C5B4771AB79E1 /* Pods-SurveyBeatsTests.debug.xcconfig */;
			buildSettings = {
				ALWAYS_EMBED_SWIFT_STANDARD_LIBRARIES = YES;
				BUNDLE_LOADER = "$(TEST_HOST)";
				CODE_SIGN_STYLE = Automatic;
				DEVELOPMENT_TEAM = NGVV4YCSE8;
				INFOPLIST_FILE = SurveyBeatsTests/Info.plist;
				LD_RUNPATH_SEARCH_PATHS = (
					"$(inherited)",
					"@executable_path/Frameworks",
					"@loader_path/Frameworks",
				);
				PRODUCT_BUNDLE_IDENTIFIER = com.exercise.nimble.SurveyBeatsTests;
				PRODUCT_NAME = "$(TARGET_NAME)";
				SWIFT_VERSION = 4.2;
				TARGETED_DEVICE_FAMILY = "1,2";
				TEST_HOST = "$(BUILT_PRODUCTS_DIR)/SurveyBeats.app/SurveyBeats";
			};
			name = Debug;
		};
		B299C0C1228A908100E2FB9A /* Release */ = {
			isa = XCBuildConfiguration;
			baseConfigurationReference = 99F7C367615FBEC24FD377FC /* Pods-SurveyBeatsTests.release.xcconfig */;
			buildSettings = {
				ALWAYS_EMBED_SWIFT_STANDARD_LIBRARIES = YES;
				BUNDLE_LOADER = "$(TEST_HOST)";
				CODE_SIGN_STYLE = Automatic;
				DEVELOPMENT_TEAM = NGVV4YCSE8;
				INFOPLIST_FILE = SurveyBeatsTests/Info.plist;
				LD_RUNPATH_SEARCH_PATHS = (
					"$(inherited)",
					"@executable_path/Frameworks",
					"@loader_path/Frameworks",
				);
				PRODUCT_BUNDLE_IDENTIFIER = com.exercise.nimble.SurveyBeatsTests;
				PRODUCT_NAME = "$(TARGET_NAME)";
				SWIFT_VERSION = 4.2;
				TARGETED_DEVICE_FAMILY = "1,2";
				TEST_HOST = "$(BUILT_PRODUCTS_DIR)/SurveyBeats.app/SurveyBeats";
			};
			name = Release;
		};
		B299C0C3228A908100E2FB9A /* Debug */ = {
			isa = XCBuildConfiguration;
			baseConfigurationReference = C14A7C302E18AA329A6F8CBE /* Pods-SurveyBeatsUITests.debug.xcconfig */;
			buildSettings = {
				ALWAYS_EMBED_SWIFT_STANDARD_LIBRARIES = YES;
				CODE_SIGN_STYLE = Automatic;
				DEVELOPMENT_TEAM = NGVV4YCSE8;
				INFOPLIST_FILE = SurveyBeatsUITests/Info.plist;
				LD_RUNPATH_SEARCH_PATHS = (
					"$(inherited)",
					"@executable_path/Frameworks",
					"@loader_path/Frameworks",
				);
				PRODUCT_BUNDLE_IDENTIFIER = com.exercise.nimble.SurveyBeatsUITests;
				PRODUCT_NAME = "$(TARGET_NAME)";
				SWIFT_VERSION = 4.2;
				TARGETED_DEVICE_FAMILY = "1,2";
				TEST_TARGET_NAME = SurveyBeats;
			};
			name = Debug;
		};
		B299C0C4228A908100E2FB9A /* Release */ = {
			isa = XCBuildConfiguration;
			baseConfigurationReference = 1B21DA3B1D0B9AEA64901D9F /* Pods-SurveyBeatsUITests.release.xcconfig */;
			buildSettings = {
				ALWAYS_EMBED_SWIFT_STANDARD_LIBRARIES = YES;
				CODE_SIGN_STYLE = Automatic;
				DEVELOPMENT_TEAM = NGVV4YCSE8;
				INFOPLIST_FILE = SurveyBeatsUITests/Info.plist;
				LD_RUNPATH_SEARCH_PATHS = (
					"$(inherited)",
					"@executable_path/Frameworks",
					"@loader_path/Frameworks",
				);
				PRODUCT_BUNDLE_IDENTIFIER = com.exercise.nimble.SurveyBeatsUITests;
				PRODUCT_NAME = "$(TARGET_NAME)";
				SWIFT_VERSION = 4.2;
				TARGETED_DEVICE_FAMILY = "1,2";
				TEST_TARGET_NAME = SurveyBeats;
			};
			name = Release;
		};
/* End XCBuildConfiguration section */

/* Begin XCConfigurationList section */
		B299C08F228A907F00E2FB9A /* Build configuration list for PBXProject "SurveyBeats" */ = {
			isa = XCConfigurationList;
			buildConfigurations = (
				B299C0BA228A908100E2FB9A /* Debug */,
				B299C0BB228A908100E2FB9A /* Release */,
			);
			defaultConfigurationIsVisible = 0;
			defaultConfigurationName = Release;
		};
		B299C0BC228A908100E2FB9A /* Build configuration list for PBXNativeTarget "SurveyBeats" */ = {
			isa = XCConfigurationList;
			buildConfigurations = (
				B299C0BD228A908100E2FB9A /* Debug */,
				B299C0BE228A908100E2FB9A /* Release */,
			);
			defaultConfigurationIsVisible = 0;
			defaultConfigurationName = Release;
		};
		B299C0BF228A908100E2FB9A /* Build configuration list for PBXNativeTarget "SurveyBeatsTests" */ = {
			isa = XCConfigurationList;
			buildConfigurations = (
				B299C0C0228A908100E2FB9A /* Debug */,
				B299C0C1228A908100E2FB9A /* Release */,
			);
			defaultConfigurationIsVisible = 0;
			defaultConfigurationName = Release;
		};
		B299C0C2228A908100E2FB9A /* Build configuration list for PBXNativeTarget "SurveyBeatsUITests" */ = {
			isa = XCConfigurationList;
			buildConfigurations = (
				B299C0C3228A908100E2FB9A /* Debug */,
				B299C0C4228A908100E2FB9A /* Release */,
			);
			defaultConfigurationIsVisible = 0;
			defaultConfigurationName = Release;
		};
/* End XCConfigurationList section */
	};
	rootObject = B299C08C228A907F00E2FB9A /* Project object */;
}
